// !$*UTF8*$!
{
	archiveVersion = 1;
	classes = {
	};
	objectVersion = 56;
	objects = {

/* Begin PBXBuildFile section */
		B97CA1272939FD66004FCDF0 /* EasyUtils.m in Sources */ = {isa = PBXBuildFile; fileRef = B97CA1252939FD65004FCDF0 /* EasyUtils.m */; };
		B9F8F88B290B7A3B004CC67C /* AppDelegate.m in Sources */ = {isa = PBXBuildFile; fileRef = B9F8F88A290B7A3B004CC67C /* AppDelegate.m */; };
		B9F8F88E290B7A3B004CC67C /* SceneDelegate.m in Sources */ = {isa = PBXBuildFile; fileRef = B9F8F88D290B7A3B004CC67C /* SceneDelegate.m */; };
		B9F8F891290B7A3B004CC67C /* ViewController.m in Sources */ = {isa = PBXBuildFile; fileRef = B9F8F890290B7A3B004CC67C /* ViewController.m */; };
		B9F8F894290B7A3B004CC67C /* Main.storyboard in Resources */ = {isa = PBXBuildFile; fileRef = B9F8F892290B7A3B004CC67C /* Main.storyboard */; };
		B9F8F896290B7A3C004CC67C /* Assets.xcassets in Resources */ = {isa = PBXBuildFile; fileRef = B9F8F895290B7A3C004CC67C /* Assets.xcassets */; };
		B9F8F899290B7A3C004CC67C /* LaunchScreen.storyboard in Resources */ = {isa = PBXBuildFile; fileRef = B9F8F897290B7A3C004CC67C /* LaunchScreen.storyboard */; };
		B9F8F89C290B7A3C004CC67C /* main.m in Sources */ = {isa = PBXBuildFile; fileRef = B9F8F89B290B7A3C004CC67C /* main.m */; };
/* End PBXBuildFile section */

/* Begin PBXFileReference section */
		B97CA1252939FD65004FCDF0 /* EasyUtils.m */ = {isa = PBXFileReference; fileEncoding = 4; lastKnownFileType = sourcecode.c.objc; path = EasyUtils.m; sourceTree = "<group>"; };
		B97CA1262939FD66004FCDF0 /* EasyUtils.h */ = {isa = PBXFileReference; fileEncoding = 4; lastKnownFileType = sourcecode.c.h; path = EasyUtils.h; sourceTree = "<group>"; };
		B9F8F886290B7A3B004CC67C /* DataTest.app */ = {isa = PBXFileReference; explicitFileType = wrapper.application; includeInIndex = 0; path = DataTest.app; sourceTree = BUILT_PRODUCTS_DIR; };
		B9F8F889290B7A3B004CC67C /* AppDelegate.h */ = {isa = PBXFileReference; lastKnownFileType = sourcecode.c.h; path = AppDelegate.h; sourceTree = "<group>"; };
		B9F8F88A290B7A3B004CC67C /* AppDelegate.m */ = {isa = PBXFileReference; lastKnownFileType = sourcecode.c.objc; path = AppDelegate.m; sourceTree = "<group>"; };
		B9F8F88C290B7A3B004CC67C /* SceneDelegate.h */ = {isa = PBXFileReference; lastKnownFileType = sourcecode.c.h; path = SceneDelegate.h; sourceTree = "<group>"; };
		B9F8F88D290B7A3B004CC67C /* SceneDelegate.m */ = {isa = PBXFileReference; lastKnownFileType = sourcecode.c.objc; path = SceneDelegate.m; sourceTree = "<group>"; };
		B9F8F88F290B7A3B004CC67C /* ViewController.h */ = {isa = PBXFileReference; lastKnownFileType = sourcecode.c.h; path = ViewController.h; sourceTree = "<group>"; };
		B9F8F890290B7A3B004CC67C /* ViewController.m */ = {isa = PBXFileReference; lastKnownFileType = sourcecode.c.objc; path = ViewController.m; sourceTree = "<group>"; };
		B9F8F893290B7A3B004CC67C /* Base */ = {isa = PBXFileReference; lastKnownFileType = file.storyboard; name = Base; path = Base.lproj/Main.storyboard; sourceTree = "<group>"; };
		B9F8F895290B7A3C004CC67C /* Assets.xcassets */ = {isa = PBXFileReference; lastKnownFileType = folder.assetcatalog; path = Assets.xcassets; sourceTree = "<group>"; };
		B9F8F898290B7A3C004CC67C /* Base */ = {isa = PBXFileReference; lastKnownFileType = file.storyboard; name = Base; path = Base.lproj/LaunchScreen.storyboard; sourceTree = "<group>"; };
		B9F8F89A290B7A3C004CC67C /* Info.plist */ = {isa = PBXFileReference; lastKnownFileType = text.plist.xml; path = Info.plist; sourceTree = "<group>"; };
		B9F8F89B290B7A3C004CC67C /* main.m */ = {isa = PBXFileReference; lastKnownFileType = sourcecode.c.objc; path = main.m; sourceTree = "<group>"; };
/* End PBXFileReference section */

/* Begin PBXFrameworksBuildPhase section */
		B9F8F883290B7A3B004CC67C /* Frameworks */ = {
			isa = PBXFrameworksBuildPhase;
			buildActionMask = 2147483647;
			files = (
			);
			runOnlyForDeploymentPostprocessing = 0;
		};
/* End PBXFrameworksBuildPhase section */

/* Begin PBXGroup section */
		B9F8F87D290B7A3B004CC67C = {
			isa = PBXGroup;
			children = (
				B9F8F888290B7A3B004CC67C /* DataTest */,
				B9F8F887290B7A3B004CC67C /* Products */,
			);
			sourceTree = "<group>";
		};
		B9F8F887290B7A3B004CC67C /* Products */ = {
			isa = PBXGroup;
			children = (
				B9F8F886290B7A3B004CC67C /* DataTest.app */,
			);
			name = Products;
			sourceTree = "<group>";
		};
		B9F8F888290B7A3B004CC67C /* DataTest */ = {
			isa = PBXGroup;
			children = (
				B9F8F889290B7A3B004CC67C /* AppDelegate.h */,
				B9F8F88A290B7A3B004CC67C /* AppDelegate.m */,
				B9F8F88C290B7A3B004CC67C /* SceneDelegate.h */,
				B9F8F88D290B7A3B004CC67C /* SceneDelegate.m */,
				B9F8F88F290B7A3B004CC67C /* ViewController.h */,
				B9F8F890290B7A3B004CC67C /* ViewController.m */,
				B97CA1262939FD66004FCDF0 /* EasyUtils.h */,
				B97CA1252939FD65004FCDF0 /* EasyUtils.m */,
				B9F8F892290B7A3B004CC67C /* Main.storyboard */,
				B9F8F895290B7A3C004CC67C /* Assets.xcassets */,
				B9F8F897290B7A3C004CC67C /* LaunchScreen.storyboard */,
				B9F8F89A290B7A3C004CC67C /* Info.plist */,
				B9F8F89B290B7A3C004CC67C /* main.m */,
			);
			path = DataTest;
			sourceTree = "<group>";
		};
/* End PBXGroup section */

/* Begin PBXNativeTarget section */
		B9F8F885290B7A3B004CC67C /* DataTest */ = {
			isa = PBXNativeTarget;
			buildConfigurationList = B9F8F89F290B7A3C004CC67C /* Build configuration list for PBXNativeTarget "DataTest" */;
			buildPhases = (
				B9F8F882290B7A3B004CC67C /* Sources */,
				B9F8F883290B7A3B004CC67C /* Frameworks */,
				B9F8F884290B7A3B004CC67C /* Resources */,
			);
			buildRules = (
			);
			dependencies = (
			);
			name = DataTest;
			productName = DataTest;
			productReference = B9F8F886290B7A3B004CC67C /* DataTest.app */;
			productType = "com.apple.product-type.application";
		};
/* End PBXNativeTarget section */

/* Begin PBXProject section */
		B9F8F87E290B7A3B004CC67C /* Project object */ = {
			isa = PBXProject;
			attributes = {
				BuildIndependentTargetsInParallel = 1;
				LastUpgradeCheck = 1400;
				TargetAttributes = {
					B9F8F885290B7A3B004CC67C = {
						CreatedOnToolsVersion = 14.0.1;
					};
				};
			};
			buildConfigurationList = B9F8F881290B7A3B004CC67C /* Build configuration list for PBXProject "DataTest" */;
			compatibilityVersion = "Xcode 14.0";
			developmentRegion = en;
			hasScannedForEncodings = 0;
			knownRegions = (
				en,
				Base,
			);
			mainGroup = B9F8F87D290B7A3B004CC67C;
			productRefGroup = B9F8F887290B7A3B004CC67C /* Products */;
			projectDirPath = "";
			projectRoot = "";
			targets = (
				B9F8F885290B7A3B004CC67C /* DataTest */,
			);
		};
/* End PBXProject section */

/* Begin PBXResourcesBuildPhase section */
		B9F8F884290B7A3B004CC67C /* Resources */ = {
			isa = PBXResourcesBuildPhase;
			buildActionMask = 2147483647;
			files = (
				B9F8F899290B7A3C004CC67C /* LaunchScreen.storyboard in Resources */,
				B9F8F896290B7A3C004CC67C /* Assets.xcassets in Resources */,
				B9F8F894290B7A3B004CC67C /* Main.storyboard in Resources */,
			);
			runOnlyForDeploymentPostprocessing = 0;
		};
/* End PBXResourcesBuildPhase section */

/* Begin PBXSourcesBuildPhase section */
		B9F8F882290B7A3B004CC67C /* Sources */ = {
			isa = PBXSourcesBuildPhase;
			buildActionMask = 2147483647;
			files = (
				B9F8F891290B7A3B004CC67C /* ViewController.m in Sources */,
				B9F8F88B290B7A3B004CC67C /* AppDelegate.m in Sources */,
				B97CA1272939FD66004FCDF0 /* EasyUtils.m in Sources */,
				B9F8F89C290B7A3C004CC67C /* main.m in Sources */,
				B9F8F88E290B7A3B004CC67C /* SceneDelegate.m in Sources */,
			);
			runOnlyForDeploymentPostprocessing = 0;
		};
/* End PBXSourcesBuildPhase section */

/* Begin PBXVariantGroup section */
		B9F8F892290B7A3B004CC67C /* Main.storyboard */ = {
			isa = PBXVariantGroup;
			children = (
				B9F8F893290B7A3B004CC67C /* Base */,
			);
			name = Main.storyboard;
			sourceTree = "<group>";
		};
		B9F8F897290B7A3C004CC67C /* LaunchScreen.storyboard */ = {
			isa = PBXVariantGroup;
			children = (
				B9F8F898290B7A3C004CC67C /* Base */,
			);
			name = LaunchScreen.storyboard;
			sourceTree = "<group>";
		};
/* End PBXVariantGroup section */

/* Begin XCBuildConfiguration section */
		B9F8F89D290B7A3C004CC67C /* Debug */ = {
			isa = XCBuildConfiguration;
			buildSettings = {
				ALWAYS_SEARCH_USER_PATHS = NO;
				CLANG_ANALYZER_NONNULL = YES;
				CLANG_ANALYZER_NUMBER_OBJECT_CONVERSION = YES_AGGRESSIVE;
				CLANG_CXX_LANGUAGE_STANDARD = "gnu++20";
				CLANG_ENABLE_MODULES = YES;
				CLANG_ENABLE_OBJC_ARC = YES;
				CLANG_ENABLE_OBJC_WEAK = YES;
				CLANG_WARN_BLOCK_CAPTURE_AUTORELEASING = YES;
				CLANG_WARN_BOOL_CONVERSION = YES;
				CLANG_WARN_COMMA = YES;
				CLANG_WARN_CONSTANT_CONVERSION = YES;
				CLANG_WARN_DEPRECATED_OBJC_IMPLEMENTATIONS = YES;
				CLANG_WARN_DIRECT_OBJC_ISA_USAGE = YES_ERROR;
				CLANG_WARN_DOCUMENTATION_COMMENTS = YES;
				CLANG_WARN_EMPTY_BODY = YES;
				CLANG_WARN_ENUM_CONVERSION = YES;
				CLANG_WARN_INFINITE_RECURSION = YES;
				CLANG_WARN_INT_CONVERSION = YES;
				CLANG_WARN_NON_LITERAL_NULL_CONVERSION = YES;
				CLANG_WARN_OBJC_IMPLICIT_RETAIN_SELF = YES;
				CLANG_WARN_OBJC_LITERAL_CONVERSION = YES;
				CLANG_WARN_OBJC_ROOT_CLASS = YES_ERROR;
				CLANG_WARN_QUOTED_INCLUDE_IN_FRAMEWORK_HEADER = YES;
				CLANG_WARN_RANGE_LOOP_ANALYSIS = YES;
				CLANG_WARN_STRICT_PROTOTYPES = YES;
				CLANG_WARN_SUSPICIOUS_MOVE = YES;
				CLANG_WARN_UNGUARDED_AVAILABILITY = YES_AGGRESSIVE;
				CLANG_WARN_UNREACHABLE_CODE = YES;
				CLANG_WARN__DUPLICATE_METHOD_MATCH = YES;
				COPY_PHASE_STRIP = NO;
				DEBUG_INFORMATION_FORMAT = dwarf;
				ENABLE_STRICT_OBJC_MSGSEND = YES;
				ENABLE_TESTABILITY = YES;
				GCC_C_LANGUAGE_STANDARD = gnu11;
				GCC_DYNAMIC_NO_PIC = NO;
				GCC_NO_COMMON_BLOCKS = YES;
				GCC_OPTIMIZATION_LEVEL = 0;
				GCC_PREPROCESSOR_DEFINITIONS = (
					"DEBUG=1",
					"$(inherited)",
				);
				GCC_WARN_64_TO_32_BIT_CONVERSION = YES;
				GCC_WARN_ABOUT_RETURN_TYPE = YES_ERROR;
				GCC_WARN_UNDECLARED_SELECTOR = YES;
				GCC_WARN_UNINITIALIZED_AUTOS = YES_AGGRESSIVE;
				GCC_WARN_UNUSED_FUNCTION = YES;
				GCC_WARN_UNUSED_VARIABLE = YES;
				IPHONEOS_DEPLOYMENT_TARGET = 16.0;
				MTL_ENABLE_DEBUG_INFO = INCLUDE_SOURCE;
				MTL_FAST_MATH = YES;
				ONLY_ACTIVE_ARCH = YES;
				SDKROOT = iphoneos;
			};
			name = Debug;
		};
		B9F8F89E290B7A3C004CC67C /* Release */ = {
			isa = XCBuildConfiguration;
			buildSettings = {
				ALWAYS_SEARCH_USER_PATHS = NO;
				CLANG_ANALYZER_NONNULL = YES;
				CLANG_ANALYZER_NUMBER_OBJECT_CONVERSION = YES_AGGRESSIVE;
				CLANG_CXX_LANGUAGE_STANDARD = "gnu++20";
				CLANG_ENABLE_MODULES = YES;
				CLANG_ENABLE_OBJC_ARC = YES;
				CLANG_ENABLE_OBJC_WEAK = YES;
				CLANG_WARN_BLOCK_CAPTURE_AUTORELEASING = YES;
				CLANG_WARN_BOOL_CONVERSION = YES;
				CLANG_WARN_COMMA = YES;
				CLANG_WARN_CONSTANT_CONVERSION = YES;
				CLANG_WARN_DEPRECATED_OBJC_IMPLEMENTATIONS = YES;
				CLANG_WARN_DIRECT_OBJC_ISA_USAGE = YES_ERROR;
				CLANG_WARN_DOCUMENTATION_COMMENTS = YES;
				CLANG_WARN_EMPTY_BODY = YES;
				CLANG_WARN_ENUM_CONVERSION = YES;
				CLANG_WARN_INFINITE_RECURSION = YES;
				CLANG_WARN_INT_CONVERSION = YES;
				CLANG_WARN_NON_LITERAL_NULL_CONVERSION = YES;
				CLANG_WARN_OBJC_IMPLICIT_RETAIN_SELF = YES;
				CLANG_WARN_OBJC_LITERAL_CONVERSION = YES;
				CLANG_WARN_OBJC_ROOT_CLASS = YES_ERROR;
				CLANG_WARN_QUOTED_INCLUDE_IN_FRAMEWORK_HEADER = YES;
				CLANG_WARN_RANGE_LOOP_ANALYSIS = YES;
				CLANG_WARN_STRICT_PROTOTYPES = YES;
				CLANG_WARN_SUSPICIOUS_MOVE = YES;
				CLANG_WARN_UNGUARDED_AVAILABILITY = YES_AGGRESSIVE;
				CLANG_WARN_UNREACHABLE_CODE = YES;
				CLANG_WARN__DUPLICATE_METHOD_MATCH = YES;
				COPY_PHASE_STRIP = NO;
				DEBUG_INFORMATION_FORMAT = "dwarf-with-dsym";
				ENABLE_NS_ASSERTIONS = NO;
				ENABLE_STRICT_OBJC_MSGSEND = YES;
				GCC_C_LANGUAGE_STANDARD = gnu11;
				GCC_NO_COMMON_BLOCKS = YES;
				GCC_WARN_64_TO_32_BIT_CONVERSION = YES;
				GCC_WARN_ABOUT_RETURN_TYPE = YES_ERROR;
				GCC_WARN_UNDECLARED_SELECTOR = YES;
				GCC_WARN_UNINITIALIZED_AUTOS = YES_AGGRESSIVE;
				GCC_WARN_UNUSED_FUNCTION = YES;
				GCC_WARN_UNUSED_VARIABLE = YES;
				IPHONEOS_DEPLOYMENT_TARGET = 16.0;
				MTL_ENABLE_DEBUG_INFO = NO;
				MTL_FAST_MATH = YES;
				SDKROOT = iphoneos;
				VALIDATE_PRODUCT = YES;
			};
			name = Release;
		};
		B9F8F8A0290B7A3C004CC67C /* Debug */ = {
			isa = XCBuildConfiguration;
			buildSettings = {
				ASSETCATALOG_COMPILER_APPICON_NAME = AppIcon;
				ASSETCATALOG_COMPILER_GLOBAL_ACCENT_COLOR_NAME = AccentColor;
				CODE_SIGN_STYLE = Automatic;
				CURRENT_PROJECT_VERSION = 1;
				DEVELOPMENT_TEAM = LF9ZW78X7X;
				GENERATE_INFOPLIST_FILE = YES;
				INFOPLIST_FILE = DataTest/Info.plist;
				INFOPLIST_KEY_UIApplicationSupportsIndirectInputEvents = YES;
				INFOPLIST_KEY_UILaunchStoryboardName = LaunchScreen;
				INFOPLIST_KEY_UIMainStoryboardFile = Main;
				INFOPLIST_KEY_UISupportedInterfaceOrientations_iPad = "UIInterfaceOrientationPortrait UIInterfaceOrientationPortraitUpsideDown UIInterfaceOrientationLandscapeLeft UIInterfaceOrientationLandscapeRight";
				INFOPLIST_KEY_UISupportedInterfaceOrientations_iPhone = "UIInterfaceOrientationPortrait UIInterfaceOrientationLandscapeLeft UIInterfaceOrientationLandscapeRight";
				IPHONEOS_DEPLOYMENT_TARGET = 11.0;
				LD_RUNPATH_SEARCH_PATHS = (
					"$(inherited)",
					"@executable_path/Frameworks",
				);
				MARKETING_VERSION = 1.0;
				PRODUCT_BUNDLE_IDENTIFIER = com.robosen.DataTest;
				PRODUCT_NAME = "$(TARGET_NAME)";
				SWIFT_EMIT_LOC_STRINGS = YES;
				TARGETED_DEVICE_FAMILY = "1,2";
			};
			name = Debug;
		};
		B9F8F8A1290B7A3C004CC67C /* Release */ = {
			isa = XCBuildConfiguration;
			buildSettings = {
				ASSETCATALOG_COMPILER_APPICON_NAME = AppIcon;
				ASSETCATALOG_COMPILER_GLOBAL_ACCENT_COLOR_NAME = AccentColor;
				CODE_SIGN_STYLE = Automatic;
				CURRENT_PROJECT_VERSION = 1;
				DEVELOPMENT_TEAM = LF9ZW78X7X;
				GENERATE_INFOPLIST_FILE = YES;
				INFOPLIST_FILE = DataTest/Info.plist;
				INFOPLIST_KEY_UIApplicationSupportsIndirectInputEvents = YES;
				INFOPLIST_KEY_UILaunchStoryboardName = LaunchScreen;
				INFOPLIST_KEY_UIMainStoryboardFile = Main;
				INFOPLIST_KEY_UISupportedInterfaceOrientations_iPad = "UIInterfaceOrientationPortrait UIInterfaceOrientationPortraitUpsideDown UIInterfaceOrientationLandscapeLeft UIInterfaceOrientationLandscapeRight";
				INFOPLIST_KEY_UISupportedInterfaceOrientations_iPhone = "UIInterfaceOrientationPortrait UIInterfaceOrientationLandscapeLeft UIInterfaceOrientationLandscapeRight";
				IPHONEOS_DEPLOYMENT_TARGET = 11.0;
				LD_RUNPATH_SEARCH_PATHS = (
					"$(inherited)",
					"@executable_path/Frameworks",
				);
				MARKETING_VERSION = 1.0;
				PRODUCT_BUNDLE_IDENTIFIER = com.robosen.DataTest;
				PRODUCT_NAME = "$(TARGET_NAME)";
				SWIFT_EMIT_LOC_STRINGS = YES;
				TARGETED_DEVICE_FAMILY = "1,2";
			};
			name = Release;
		};
/* End XCBuildConfiguration section */

/* Begin XCConfigurationList section */
		B9F8F881290B7A3B004CC67C /* Build configuration list for PBXProject "DataTest" */ = {
			isa = XCConfigurationList;
			buildConfigurations = (
				B9F8F89D290B7A3C004CC67C /* Debug */,
				B9F8F89E290B7A3C004CC67C /* Release */,
			);
			defaultConfigurationIsVisible = 0;
			defaultConfigurationName = Release;
		};
		B9F8F89F290B7A3C004CC67C /* Build configuration list for PBXNativeTarget "DataTest" */ = {
			isa = XCConfigurationList;
			buildConfigurations = (
				B9F8F8A0290B7A3C004CC67C /* Debug */,
				B9F8F8A1290B7A3C004CC67C /* Release */,
			);
			defaultConfigurationIsVisible = 0;
			defaultConfigurationName = Release;
		};
/* End XCConfigurationList section */
	};
	rootObject = B9F8F87E290B7A3B004CC67C /* Project object */;
}
